
Microsoft Visual Studio Solution File, Format Version 12.00
# Visual Studio Version 17
VisualStudioVersion = 17.0.31903.59
MinimumVisualStudioVersion = 10.0.40219.1
Project("{2150E333-8FDC-42A3-9474-1A3956D46DE8}") = "src", "src", "{827E0CD3-B72D-47B6-A68D-7590B98EB39B}"
EndProject
Project("{FAE04EC0-301F-11D3-BF4B-00C04F79EFBC}") = "PassDo.Api", "src\PassDo.Api\PassDo.Api.csproj", "{3FAB5B6B-5466-48C3-A9EE-C428ABBD38E5}"
EndProject
Project("{FAE04EC0-301F-11D3-BF4B-00C04F79EFBC}") = "PassDo.Application", "src\PassDo.Application\PassDo.Application.csproj", "{A91CDDEB-54CC-4D64-B0B9-97C21A3B3B07}"
EndProject
Project("{FAE04EC0-301F-11D3-BF4B-00C04F79EFBC}") = "PassDo.Domain", "src\PassDo.Domain\PassDo.Domain.csproj", "{F39A9BCC-8048-47A0-9ABE-24461B190822}"
EndProject
Project("{FAE04EC0-301F-11D3-BF4B-00C04F79EFBC}") = "PassDo.Infrastructure", "src\PassDo.Infrastructure\PassDo.Infrastructure.csproj", "{4E71AFF1-E491-471B-8C8C-D5FE161FD51F}"
EndProject
Project("{2150E333-8FDC-42A3-9474-1A3956D46DE8}") = "tests", "tests", "{0AB3BF05-4346-4AA6-1389-037BE0695223}"
EndProject
Project("{FAE04EC0-301F-11D3-BF4B-00C04F79EFBC}") = "PassDo.UnitTests", "tests\PassDo.UnitTests\PassDo.UnitTests.csproj", "{400733BD-38DA-4C1E-B831-DF8E2DA7B13D}"
EndProject
Project("{FAE04EC0-301F-11D3-BF4B-00C04F79EFBC}") = "PassDo.IntegrationTests", "tests\PassDo.IntegrationTests\PassDo.IntegrationTests.csproj", "{3A940D35-EFBA-4B1C-B657-2BBCE1FC5B37}"
EndProject
Global
	GlobalSection(SolutionConfigurationPlatforms) = preSolution
		Debug|Any CPU = Debug|Any CPU
		Debug|x64 = Debug|x64
		Debug|x86 = Debug|x86
		Release|Any CPU = Release|Any CPU
		Release|x64 = Release|x64
		Release|x86 = Release|x86
	EndGlobalSection
	GlobalSection(ProjectConfigurationPlatforms) = postSolution
		{3FAB5B6B-5466-48C3-A9EE-C428ABBD38E5}.Debug|Any CPU.ActiveCfg = Debug|Any CPU
		{3FAB5B6B-5466-48C3-A9EE-C428ABBD38E5}.Debug|Any CPU.Build.0 = Debug|Any CPU
		{3FAB5B6B-5466-48C3-A9EE-C428ABBD38E5}.Debug|x64.ActiveCfg = Debug|Any CPU
		{3FAB5B6B-5466-48C3-A9EE-C428ABBD38E5}.Debug|x64.Build.0 = Debug|Any CPU
		{3FAB5B6B-5466-48C3-A9EE-C428ABBD38E5}.Debug|x86.ActiveCfg = Debug|Any CPU
		{3FAB5B6B-5466-48C3-A9EE-C428ABBD38E5}.Debug|x86.Build.0 = Debug|Any CPU
		{3FAB5B6B-5466-48C3-A9EE-C428ABBD38E5}.Release|Any CPU.ActiveCfg = Release|Any CPU
		{3FAB5B6B-5466-48C3-A9EE-C428ABBD38E5}.Release|Any CPU.Build.0 = Release|Any CPU
		{3FAB5B6B-5466-48C3-A9EE-C428ABBD38E5}.Release|x64.ActiveCfg = Release|Any CPU
		{3FAB5B6B-5466-48C3-A9EE-C428ABBD38E5}.Release|x64.Build.0 = Release|Any CPU
		{3FAB5B6B-5466-48C3-A9EE-C428ABBD38E5}.Release|x86.ActiveCfg = Release|Any CPU
		{3FAB5B6B-5466-48C3-A9EE-C428ABBD38E5}.Release|x86.Build.0 = Release|Any CPU
		{A91CDDEB-54CC-4D64-B0B9-97C21A3B3B07}.Debug|Any CPU.ActiveCfg = Debug|Any CPU
		{A91CDDEB-54CC-4D64-B0B9-97C21A3B3B07}.Debug|Any CPU.Build.0 = Debug|Any CPU
		{A91CDDEB-54CC-4D64-B0B9-97C21A3B3B07}.Debug|x64.ActiveCfg = Debug|Any CPU
		{A91CDDEB-54CC-4D64-B0B9-97C21A3B3B07}.Debug|x64.Build.0 = Debug|Any CPU
		{A91CDDEB-54CC-4D64-B0B9-97C21A3B3B07}.Debug|x86.ActiveCfg = Debug|Any CPU
		{A91CDDEB-54CC-4D64-B0B9-97C21A3B3B07}.Debug|x86.Build.0 = Debug|Any CPU
		{A91CDDEB-54CC-4D64-B0B9-97C21A3B3B07}.Release|Any CPU.ActiveCfg = Release|Any CPU
		{A91CDDEB-54CC-4D64-B0B9-97C21A3B3B07}.Release|Any CPU.Build.0 = Release|Any CPU
		{A91CDDEB-54CC-4D64-B0B9-97C21A3B3B07}.Release|x64.ActiveCfg = Release|Any CPU
		{A91CDDEB-54CC-4D64-B0B9-97C21A3B3B07}.Release|x64.Build.0 = Release|Any CPU
		{A91CDDEB-54CC-4D64-B0B9-97C21A3B3B07}.Release|x86.ActiveCfg = Release|Any CPU
		{A91CDDEB-54CC-4D64-B0B9-97C21A3B3B07}.Release|x86.Build.0 = Release|Any CPU
		{F39A9BCC-8048-47A0-9ABE-24461B190822}.Debug|Any CPU.ActiveCfg = Debug|Any CPU
		{F39A9BCC-8048-47A0-9ABE-24461B190822}.Debug|Any CPU.Build.0 = Debug|Any CPU
		{F39A9BCC-8048-47A0-9ABE-24461B190822}.Debug|x64.ActiveCfg = Debug|Any CPU
		{F39A9BCC-8048-47A0-9ABE-24461B190822}.Debug|x64.Build.0 = Debug|Any CPU
		{F39A9BCC-8048-47A0-9ABE-24461B190822}.Debug|x86.ActiveCfg = Debug|Any CPU
		{F39A9BCC-8048-47A0-9ABE-24461B190822}.Debug|x86.Build.0 = Debug|Any CPU
		{F39A9BCC-8048-47A0-9ABE-24461B190822}.Release|Any CPU.ActiveCfg = Release|Any CPU
		{F39A9BCC-8048-47A0-9ABE-24461B190822}.Release|Any CPU.Build.0 = Release|Any CPU
		{F39A9BCC-8048-47A0-9ABE-24461B190822}.Release|x64.ActiveCfg = Release|Any CPU
		{F39A9BCC-8048-47A0-9ABE-24461B190822}.Release|x64.Build.0 = Release|Any CPU
		{F39A9BCC-8048-47A0-9ABE-24461B190822}.Release|x86.ActiveCfg = Release|Any CPU
		{F39A9BCC-8048-47A0-9ABE-24461B190822}.Release|x86.Build.0 = Release|Any CPU
		{4E71AFF1-E491-471B-8C8C-D5FE161FD51F}.Debug|Any CPU.ActiveCfg = Debug|Any CPU
		{4E71AFF1-E491-471B-8C8C-D5FE161FD51F}.Debug|Any CPU.Build.0 = Debug|Any CPU
		{4E71AFF1-E491-471B-8C8C-D5FE161FD51F}.Debug|x64.ActiveCfg = Debug|Any CPU
		{4E71AFF1-E491-471B-8C8C-D5FE161FD51F}.Debug|x64.Build.0 = Debug|Any CPU
		{4E71AFF1-E491-471B-8C8C-D5FE161FD51F}.Debug|x86.ActiveCfg = Debug|Any CPU
		{4E71AFF1-E491-471B-8C8C-D5FE161FD51F}.Debug|x86.Build.0 = Debug|Any CPU
		{4E71AFF1-E491-471B-8C8C-D5FE161FD51F}.Release|Any CPU.ActiveCfg = Release|Any CPU
		{4E71AFF1-E491-471B-8C8C-D5FE161FD51F}.Release|Any CPU.Build.0 = Release|Any CPU
		{4E71AFF1-E491-471B-8C8C-D5FE161FD51F}.Release|x64.ActiveCfg = Release|Any CPU
		{4E71AFF1-E491-471B-8C8C-D5FE161FD51F}.Release|x64.Build.0 = Release|Any CPU
		{4E71AFF1-E491-471B-8C8C-D5FE161FD51F}.Release|x86.ActiveCfg = Release|Any CPU
		{4E71AFF1-E491-471B-8C8C-D5FE161FD51F}.Release|x86.Build.0 = Release|Any CPU
		{400733BD-38DA-4C1E-B831-DF8E2DA7B13D}.Debug|Any CPU.ActiveCfg = Debug|Any CPU
		{400733BD-38DA-4C1E-B831-DF8E2DA7B13D}.Debug|Any CPU.Build.0 = Debug|Any CPU
		{400733BD-38DA-4C1E-B831-DF8E2DA7B13D}.Debug|x64.ActiveCfg = Debug|Any CPU
		{400733BD-38DA-4C1E-B831-DF8E2DA7B13D}.Debug|x64.Build.0 = Debug|Any CPU
		{400733BD-38DA-4C1E-B831-DF8E2DA7B13D}.Debug|x86.ActiveCfg = Debug|Any CPU
		{400733BD-38DA-4C1E-B831-DF8E2DA7B13D}.Debug|x86.Build.0 = Debug|Any CPU
		{400733BD-38DA-4C1E-B831-DF8E2DA7B13D}.Release|Any CPU.ActiveCfg = Release|Any CPU
		{400733BD-38DA-4C1E-B831-DF8E2DA7B13D}.Release|Any CPU.Build.0 = Release|Any CPU
		{400733BD-38DA-4C1E-B831-DF8E2DA7B13D}.Release|x64.ActiveCfg = Release|Any CPU
		{400733BD-38DA-4C1E-B831-DF8E2DA7B13D}.Release|x64.Build.0 = Release|Any CPU
		{400733BD-38DA-4C1E-B831-DF8E2DA7B13D}.Release|x86.ActiveCfg = Release|Any CPU
		{400733BD-38DA-4C1E-B831-DF8E2DA7B13D}.Release|x86.Build.0 = Release|Any CPU
		{3A940D35-EFBA-4B1C-B657-2BBCE1FC5B37}.Debug|Any CPU.ActiveCfg = Debug|Any CPU
		{3A940D35-EFBA-4B1C-B657-2BBCE1FC5B37}.Debug|Any CPU.Build.0 = Debug|Any CPU
		{3A940D35-EFBA-4B1C-B657-2BBCE1FC5B37}.Debug|x64.ActiveCfg = Debug|Any CPU
		{3A940D35-EFBA-4B1C-B657-2BBCE1FC5B37}.Debug|x64.Build.0 = Debug|Any CPU
		{3A940D35-EFBA-4B1C-B657-2BBCE1FC5B37}.Debug|x86.ActiveCfg = Debug|Any CPU
		{3A940D35-EFBA-4B1C-B657-2BBCE1FC5B37}.Debug|x86.Build.0 = Debug|Any CPU
		{3A940D35-EFBA-4B1C-B657-2BBCE1FC5B37}.Release|Any CPU.ActiveCfg = Release|Any CPU
		{3A940D35-EFBA-4B1C-B657-2BBCE1FC5B37}.Release|Any CPU.Build.0 = Release|Any CPU
		{3A940D35-EFBA-4B1C-B657-2BBCE1FC5B37}.Release|x64.ActiveCfg = Release|Any CPU
		{3A940D35-EFBA-4B1C-B657-2BBCE1FC5B37}.Release|x64.Build.0 = Release|Any CPU
		{3A940D35-EFBA-4B1C-B657-2BBCE1FC5B37}.Release|x86.ActiveCfg = Release|Any CPU
		{3A940D35-EFBA-4B1C-B657-2BBCE1FC5B37}.Release|x86.Build.0 = Release|Any CPU
	EndGlobalSection
	GlobalSection(SolutionProperties) = preSolution
		HideSolutionNode = FALSE
	EndGlobalSection
	GlobalSection(NestedProjects) = preSolution
		{3FAB5B6B-5466-48C3-A9EE-C428ABBD38E5} = {827E0CD3-B72D-47B6-A68D-7590B98EB39B}
		{A91CDDEB-54CC-4D64-B0B9-97C21A3B3B07} = {827E0CD3-B72D-47B6-A68D-7590B98EB39B}
		{F39A9BCC-8048-47A0-9ABE-24461B190822} = {827E0CD3-B72D-47B6-A68D-7590B98EB39B}
		{4E71AFF1-E491-471B-8C8C-D5FE161FD51F} = {827E0CD3-B72D-47B6-A68D-7590B98EB39B}
		{400733BD-38DA-4C1E-B831-DF8E2DA7B13D} = {0AB3BF05-4346-4AA6-1389-037BE0695223}
		{3A940D35-EFBA-4B1C-B657-2BBCE1FC5B37} = {0AB3BF05-4346-4AA6-1389-037BE0695223}
	EndGlobalSection
EndGlobal
